
Microsoft Visual Studio Solution File, Format Version 12.00
# Visual Studio 15
VisualStudioVersion = 15.0.28307.539
MinimumVisualStudioVersion = 10.0.40219.1
Project("{8BC9CEB8-8B4A-11D0-8D11-00A0C91BC942}") = "hw1", "hw1\hw1.vcxproj", "{3DEAE68D-D566-4191-BAEC-473BD3032AE1}"
EndProject
Global
	GlobalSection(SolutionConfigurationPlatforms) = preSolution
		Debug|x64 = Debug|x64
		Debug|x86 = Debug|x86
		Release|x64 = Release|x64
		Release|x86 = Release|x86
	EndGlobalSection
	GlobalSection(ProjectConfigurationPlatforms) = postSolution
		{3DEAE68D-D566-4191-BAEC-473BD3032AE1}.Debug|x64.ActiveCfg = Debug|x64
		{3DEAE68D-D566-4191-BAEC-473BD3032AE1}.Debug|x64.Build.0 = Debug|x64
		{3DEAE68D-D566-4191-BAEC-473BD3032AE1}.Debug|x86.ActiveCfg = Debug|Win32
		{3DEAE68D-D566-4191-BAEC-473BD3032AE1}.Debug|x86.Build.0 = Debug|Win32
		{3DEAE68D-D566-4191-BAEC-473BD3032AE1}.Release|x64.ActiveCfg = Release|x64
		{3DEAE68D-D566-4191-BAEC-473BD3032AE1}.Release|x64.Build.0 = Release|x64
		{3DEAE68D-D566-4191-BAEC-473BD3032AE1}.Release|x86.ActiveCfg = Release|Win32
		{3DEAE68D-D566-4191-BAEC-473BD3032AE1}.Release|x86.Build.0 = Release|Win32
	EndGlobalSection
	GlobalSection(SolutionProperties) = preSolution
		HideSolutionNode = FALSE
	EndGlobalSection
	GlobalSection(ExtensibilityGlobals) = postSolution
		SolutionGuid = {B4185A39-338E-434C-8B62-52C7CD8E815F}
	EndGlobalSection
EndGlobal
